// !$*UTF8*$!
{
	archiveVersion = 1;
	classes = {
	};
	objectVersion = 55;
	objects = {

/* Begin PBXBuildFile section */
		9998C6AC27A81C250044533E /* AppDelegate.swift in Sources */ = {isa = PBXBuildFile; fileRef = 9998C6AB27A81C250044533E /* AppDelegate.swift */; };
		9998C6AE27A81C250044533E /* SceneDelegate.swift in Sources */ = {isa = PBXBuildFile; fileRef = 9998C6AD27A81C250044533E /* SceneDelegate.swift */; };
		9998C6B027A81C250044533E /* CalculateViewController.swift in Sources */ = {isa = PBXBuildFile; fileRef = 9998C6AF27A81C250044533E /* CalculateViewController.swift */; };
		9998C6B327A81C250044533E /* Main.storyboard in Resources */ = {isa = PBXBuildFile; fileRef = 9998C6B127A81C250044533E /* Main.storyboard */; };
		9998C6B527A81C290044533E /* Assets.xcassets in Resources */ = {isa = PBXBuildFile; fileRef = 9998C6B427A81C290044533E /* Assets.xcassets */; };
		9998C6B827A81C290044533E /* LaunchScreen.storyboard in Resources */ = {isa = PBXBuildFile; fileRef = 9998C6B627A81C290044533E /* LaunchScreen.storyboard */; };
		9998C6C127A81D1C0044533E /* CalculatorBrain.swift in Sources */ = {isa = PBXBuildFile; fileRef = 9998C6C027A81D1C0044533E /* CalculatorBrain.swift */; };
		9998C6C427A81E640044533E /* BMI.swift in Sources */ = {isa = PBXBuildFile; fileRef = 9998C6C327A81E640044533E /* BMI.swift */; };
		9998C6C827A820710044533E /* BMIResultsViewController.swift in Sources */ = {isa = PBXBuildFile; fileRef = 9998C6C727A820710044533E /* BMIResultsViewController.swift */; };
		9998C6CB27A925E00044533E /* 2.png in Resources */ = {isa = PBXBuildFile; fileRef = 9998C6C927A925E00044533E /* 2.png */; };
		9998C6CC27A925E00044533E /* 1.png in Resources */ = {isa = PBXBuildFile; fileRef = 9998C6CA27A925E00044533E /* 1.png */; };
		9998C6CE27AA870A0044533E /* Kate Waller Application.png in Resources */ = {isa = PBXBuildFile; fileRef = 9998C6CD27AA87090044533E /* Kate Waller Application.png */; };
/* End PBXBuildFile section */

/* Begin PBXFileReference section */
		9998C6A827A81C250044533E /* BasicBMI.app */ = {isa = PBXFileReference; explicitFileType = wrapper.application; includeInIndex = 0; path = BasicBMI.app; sourceTree = BUILT_PRODUCTS_DIR; };
		9998C6AB27A81C250044533E /* AppDelegate.swift */ = {isa = PBXFileReference; lastKnownFileType = sourcecode.swift; path = AppDelegate.swift; sourceTree = "<group>"; };
		9998C6AD27A81C250044533E /* SceneDelegate.swift */ = {isa = PBXFileReference; lastKnownFileType = sourcecode.swift; path = SceneDelegate.swift; sourceTree = "<group>"; };
		9998C6AF27A81C250044533E /* CalculateViewController.swift */ = {isa = PBXFileReference; lastKnownFileType = sourcecode.swift; path = CalculateViewController.swift; sourceTree = "<group>"; };
		9998C6B227A81C250044533E /* Base */ = {isa = PBXFileReference; lastKnownFileType = file.storyboard; name = Base; path = Base.lproj/Main.storyboard; sourceTree = "<group>"; };
		9998C6B427A81C290044533E /* Assets.xcassets */ = {isa = PBXFileReference; lastKnownFileType = folder.assetcatalog; path = Assets.xcassets; sourceTree = "<group>"; };
		9998C6B727A81C290044533E /* Base */ = {isa = PBXFileReference; lastKnownFileType = file.storyboard; name = Base; path = Base.lproj/LaunchScreen.storyboard; sourceTree = "<group>"; };
		9998C6B927A81C290044533E /* Info.plist */ = {isa = PBXFileReference; lastKnownFileType = text.plist.xml; path = Info.plist; sourceTree = "<group>"; };
		9998C6C027A81D1C0044533E /* CalculatorBrain.swift */ = {isa = PBXFileReference; lastKnownFileType = sourcecode.swift; path = CalculatorBrain.swift; sourceTree = "<group>"; };
		9998C6C327A81E640044533E /* BMI.swift */ = {isa = PBXFileReference; lastKnownFileType = sourcecode.swift; path = BMI.swift; sourceTree = "<group>"; };
		9998C6C727A820710044533E /* BMIResultsViewController.swift */ = {isa = PBXFileReference; lastKnownFileType = sourcecode.swift; path = BMIResultsViewController.swift; sourceTree = "<group>"; };
		9998C6C927A925E00044533E /* 2.png */ = {isa = PBXFileReference; lastKnownFileType = image.png; name = 2.png; path = "../../../Downloads/Kate Waller Application/2.png"; sourceTree = "<group>"; };
		9998C6CA27A925E00044533E /* 1.png */ = {isa = PBXFileReference; lastKnownFileType = image.png; name = 1.png; path = "../../../Downloads/Kate Waller Application/1.png"; sourceTree = "<group>"; };
		9998C6CD27AA87090044533E /* Kate Waller Application.png */ = {isa = PBXFileReference; lastKnownFileType = image.png; name = "Kate Waller Application.png"; path = "../../../Downloads/Kate Waller Application.png"; sourceTree = "<group>"; };
/* End PBXFileReference section */

/* Begin PBXFrameworksBuildPhase section */
		9998C6A527A81C250044533E /* Frameworks */ = {
			isa = PBXFrameworksBuildPhase;
			buildActionMask = 2147483647;
			files = (
			);
			runOnlyForDeploymentPostprocessing = 0;
		};
/* End PBXFrameworksBuildPhase section */

/* Begin PBXGroup section */
		9998C69F27A81C250044533E = {
			isa = PBXGroup;
			children = (
				9998C6AA27A81C250044533E /* BasicBMI */,
				9998C6A927A81C250044533E /* Products */,
			);
			sourceTree = "<group>";
		};
		9998C6A927A81C250044533E /* Products */ = {
			isa = PBXGroup;
			children = (
				9998C6A827A81C250044533E /* BasicBMI.app */,
			);
			name = Products;
			sourceTree = "<group>";
		};
		9998C6AA27A81C250044533E /* BasicBMI */ = {
			isa = PBXGroup;
			children = (
				9998C6AB27A81C250044533E /* AppDelegate.swift */,
				9998C6AD27A81C250044533E /* SceneDelegate.swift */,
				9998C6C227A81E550044533E /* Models */,
				9998C6BF27A81CDC0044533E /* Controllers */,
				9998C6B127A81C250044533E /* Main.storyboard */,
				9998C6B427A81C290044533E /* Assets.xcassets */,
				9998C6CA27A925E00044533E /* 1.png */,
				9998C6C927A925E00044533E /* 2.png */,
				9998C6CD27AA87090044533E /* Kate Waller Application.png */,
				9998C6B627A81C290044533E /* LaunchScreen.storyboard */,
				9998C6B927A81C290044533E /* Info.plist */,
			);
			path = BasicBMI;
			sourceTree = "<group>";
		};
		9998C6BF27A81CDC0044533E /* Controllers */ = {
			isa = PBXGroup;
			children = (
				9998C6C727A820710044533E /* BMIResultsViewController.swift */,
				9998C6AF27A81C250044533E /* CalculateViewController.swift */,
			);
			path = Controllers;
			sourceTree = "<group>";
		};
		9998C6C227A81E550044533E /* Models */ = {
			isa = PBXGroup;
			children = (
				9998C6C027A81D1C0044533E /* CalculatorBrain.swift */,
				9998C6C327A81E640044533E /* BMI.swift */,
			);
			path = Models;
			sourceTree = "<group>";
		};
/* End PBXGroup section */

/* Begin PBXNativeTarget section */
		9998C6A727A81C250044533E /* BasicBMI */ = {
			isa = PBXNativeTarget;
			buildConfigurationList = 9998C6BC27A81C290044533E /* Build configuration list for PBXNativeTarget "BasicBMI" */;
			buildPhases = (
				9998C6A427A81C250044533E /* Sources */,
				9998C6A527A81C250044533E /* Frameworks */,
				9998C6A627A81C250044533E /* Resources */,
			);
			buildRules = (
			);
			dependencies = (
			);
			name = BasicBMI;
			productName = BasicBMI;
			productReference = 9998C6A827A81C250044533E /* BasicBMI.app */;
			productType = "com.apple.product-type.application";
		};
/* End PBXNativeTarget section */

/* Begin PBXProject section */
		9998C6A027A81C250044533E /* Project object */ = {
			isa = PBXProject;
			attributes = {
				BuildIndependentTargetsInParallel = 1;
				LastSwiftUpdateCheck = 1310;
				LastUpgradeCheck = 1310;
				TargetAttributes = {
					9998C6A727A81C250044533E = {
						CreatedOnToolsVersion = 13.1;
					};
				};
			};
			buildConfigurationList = 9998C6A327A81C250044533E /* Build configuration list for PBXProject "BasicBMI" */;
			compatibilityVersion = "Xcode 13.0";
			developmentRegion = en;
			hasScannedForEncodings = 0;
			knownRegions = (
				en,
				Base,
			);
			mainGroup = 9998C69F27A81C250044533E;
			productRefGroup = 9998C6A927A81C250044533E /* Products */;
			projectDirPath = "";
			projectRoot = "";
			targets = (
				9998C6A727A81C250044533E /* BasicBMI */,
			);
		};
/* End PBXProject section */

/* Begin PBXResourcesBuildPhase section */
		9998C6A627A81C250044533E /* Resources */ = {
			isa = PBXResourcesBuildPhase;
			buildActionMask = 2147483647;
			files = (
				9998C6CE27AA870A0044533E /* Kate Waller Application.png in Resources */,
				9998C6B827A81C290044533E /* LaunchScreen.storyboard in Resources */,
				9998C6B527A81C290044533E /* Assets.xcassets in Resources */,
				9998C6CB27A925E00044533E /* 2.png in Resources */,
				9998C6B327A81C250044533E /* Main.storyboard in Resources */,
				9998C6CC27A925E00044533E /* 1.png in Resources */,
			);
			runOnlyForDeploymentPostprocessing = 0;
		};
/* End PBXResourcesBuildPhase section */

/* Begin PBXSourcesBuildPhase section */
		9998C6A427A81C250044533E /* Sources */ = {
			isa = PBXSourcesBuildPhase;
			buildActionMask = 2147483647;
			files = (
				9998C6C427A81E640044533E /* BMI.swift in Sources */,
				9998C6B027A81C250044533E /* CalculateViewController.swift in Sources */,
				9998C6C827A820710044533E /* BMIResultsViewController.swift in Sources */,
				9998C6AC27A81C250044533E /* AppDelegate.swift in Sources */,
				9998C6C127A81D1C0044533E /* CalculatorBrain.swift in Sources */,
				9998C6AE27A81C250044533E /* SceneDelegate.swift in Sources */,
			);
			runOnlyForDeploymentPostprocessing = 0;
		};
/* End PBXSourcesBuildPhase section */

/* Begin PBXVariantGroup section */
		9998C6B127A81C250044533E /* Main.storyboard */ = {
			isa = PBXVariantGroup;
			children = (
				9998C6B227A81C250044533E /* Base */,
			);
			name = Main.storyboard;
			sourceTree = "<group>";
		};
		9998C6B627A81C290044533E /* LaunchScreen.storyboard */ = {
			isa = PBXVariantGroup;
			children = (
				9998C6B727A81C290044533E /* Base */,
			);
			name = LaunchScreen.storyboard;
			sourceTree = "<group>";
		};
/* End PBXVariantGroup section */

/* Begin XCBuildConfiguration section */
		9998C6BA27A81C290044533E /* Debug */ = {
			isa = XCBuildConfiguration;
			buildSettings = {
				ALWAYS_SEARCH_USER_PATHS = NO;
				CLANG_ANALYZER_NONNULL = YES;
				CLANG_ANALYZER_NUMBER_OBJECT_CONVERSION = YES_AGGRESSIVE;
				CLANG_CXX_LANGUAGE_STANDARD = "gnu++17";
				CLANG_CXX_LIBRARY = "libc++";
				CLANG_ENABLE_MODULES = YES;
				CLANG_ENABLE_OBJC_ARC = YES;
				CLANG_ENABLE_OBJC_WEAK = YES;
				CLANG_WARN_BLOCK_CAPTURE_AUTORELEASING = YES;
				CLANG_WARN_BOOL_CONVERSION = YES;
				CLANG_WARN_COMMA = YES;
				CLANG_WARN_CONSTANT_CONVERSION = YES;
				CLANG_WARN_DEPRECATED_OBJC_IMPLEMENTATIONS = YES;
				CLANG_WARN_DIRECT_OBJC_ISA_USAGE = YES_ERROR;
				CLANG_WARN_DOCUMENTATION_COMMENTS = YES;
				CLANG_WARN_EMPTY_BODY = YES;
				CLANG_WARN_ENUM_CONVERSION = YES;
				CLANG_WARN_INFINITE_RECURSION = YES;
				CLANG_WARN_INT_CONVERSION = YES;
				CLANG_WARN_NON_LITERAL_NULL_CONVERSION = YES;
				CLANG_WARN_OBJC_IMPLICIT_RETAIN_SELF = YES;
				CLANG_WARN_OBJC_LITERAL_CONVERSION = YES;
				CLANG_WARN_OBJC_ROOT_CLASS = YES_ERROR;
				CLANG_WARN_QUOTED_INCLUDE_IN_FRAMEWORK_HEADER = YES;
				CLANG_WARN_RANGE_LOOP_ANALYSIS = YES;
				CLANG_WARN_STRICT_PROTOTYPES = YES;
				CLANG_WARN_SUSPICIOUS_MOVE = YES;
				CLANG_WARN_UNGUARDED_AVAILABILITY = YES_AGGRESSIVE;
				CLANG_WARN_UNREACHABLE_CODE = YES;
				CLANG_WARN__DUPLICATE_METHOD_MATCH = YES;
				COPY_PHASE_STRIP = NO;
				DEBUG_INFORMATION_FORMAT = dwarf;
				ENABLE_STRICT_OBJC_MSGSEND = YES;
				ENABLE_TESTABILITY = YES;
				GCC_C_LANGUAGE_STANDARD = gnu11;
				GCC_DYNAMIC_NO_PIC = NO;
				GCC_NO_COMMON_BLOCKS = YES;
				GCC_OPTIMIZATION_LEVEL = 0;
				GCC_PREPROCESSOR_DEFINITIONS = (
					"DEBUG=1",
					"$(inherited)",
				);
				GCC_WARN_64_TO_32_BIT_CONVERSION = YES;
				GCC_WARN_ABOUT_RETURN_TYPE = YES_ERROR;
				GCC_WARN_UNDECLARED_SELECTOR = YES;
				GCC_WARN_UNINITIALIZED_AUTOS = YES_AGGRESSIVE;
				GCC_WARN_UNUSED_FUNCTION = YES;
				GCC_WARN_UNUSED_VARIABLE = YES;
				IPHONEOS_DEPLOYMENT_TARGET = 15.0;
				MTL_ENABLE_DEBUG_INFO = INCLUDE_SOURCE;
				MTL_FAST_MATH = YES;
				ONLY_ACTIVE_ARCH = YES;
				SDKROOT = iphoneos;
				SWIFT_ACTIVE_COMPILATION_CONDITIONS = DEBUG;
				SWIFT_OPTIMIZATION_LEVEL = "-Onone";
			};
			name = Debug;
		};
		9998C6BB27A81C290044533E /* Release */ = {
			isa = XCBuildConfiguration;
			buildSettings = {
				ALWAYS_SEARCH_USER_PATHS = NO;
				CLANG_ANALYZER_NONNULL = YES;
				CLANG_ANALYZER_NUMBER_OBJECT_CONVERSION = YES_AGGRESSIVE;
				CLANG_CXX_LANGUAGE_STANDARD = "gnu++17";
				CLANG_CXX_LIBRARY = "libc++";
				CLANG_ENABLE_MODULES = YES;
				CLANG_ENABLE_OBJC_ARC = YES;
				CLANG_ENABLE_OBJC_WEAK = YES;
				CLANG_WARN_BLOCK_CAPTURE_AUTORELEASING = YES;
				CLANG_WARN_BOOL_CONVERSION = YES;
				CLANG_WARN_COMMA = YES;
				CLANG_WARN_CONSTANT_CONVERSION = YES;
				CLANG_WARN_DEPRECATED_OBJC_IMPLEMENTATIONS = YES;
				CLANG_WARN_DIRECT_OBJC_ISA_USAGE = YES_ERROR;
				CLANG_WARN_DOCUMENTATION_COMMENTS = YES;
				CLANG_WARN_EMPTY_BODY = YES;
				CLANG_WARN_ENUM_CONVERSION = YES;
				CLANG_WARN_INFINITE_RECURSION = YES;
				CLANG_WARN_INT_CONVERSION = YES;
				CLANG_WARN_NON_LITERAL_NULL_CONVERSION = YES;
				CLANG_WARN_OBJC_IMPLICIT_RETAIN_SELF = YES;
				CLANG_WARN_OBJC_LITERAL_CONVERSION = YES;
				CLANG_WARN_OBJC_ROOT_CLASS = YES_ERROR;
				CLANG_WARN_QUOTED_INCLUDE_IN_FRAMEWORK_HEADER = YES;
				CLANG_WARN_RANGE_LOOP_ANALYSIS = YES;
				CLANG_WARN_STRICT_PROTOTYPES = YES;
				CLANG_WARN_SUSPICIOUS_MOVE = YES;
				CLANG_WARN_UNGUARDED_AVAILABILITY = YES_AGGRESSIVE;
				CLANG_WARN_UNREACHABLE_CODE = YES;
				CLANG_WARN__DUPLICATE_METHOD_MATCH = YES;
				COPY_PHASE_STRIP = NO;
				DEBUG_INFORMATION_FORMAT = "dwarf-with-dsym";
				ENABLE_NS_ASSERTIONS = NO;
				ENABLE_STRICT_OBJC_MSGSEND = YES;
				GCC_C_LANGUAGE_STANDARD = gnu11;
				GCC_NO_COMMON_BLOCKS = YES;
				GCC_WARN_64_TO_32_BIT_CONVERSION = YES;
				GCC_WARN_ABOUT_RETURN_TYPE = YES_ERROR;
				GCC_WARN_UNDECLARED_SELECTOR = YES;
				GCC_WARN_UNINITIALIZED_AUTOS = YES_AGGRESSIVE;
				GCC_WARN_UNUSED_FUNCTION = YES;
				GCC_WARN_UNUSED_VARIABLE = YES;
				IPHONEOS_DEPLOYMENT_TARGET = 15.0;
				MTL_ENABLE_DEBUG_INFO = NO;
				MTL_FAST_MATH = YES;
				SDKROOT = iphoneos;
				SWIFT_COMPILATION_MODE = wholemodule;
				SWIFT_OPTIMIZATION_LEVEL = "-O";
				VALIDATE_PRODUCT = YES;
			};
			name = Release;
		};
		9998C6BD27A81C290044533E /* Debug */ = {
			isa = XCBuildConfiguration;
			buildSettings = {
				ASSETCATALOG_COMPILER_APPICON_NAME = AppIcon;
				ASSETCATALOG_COMPILER_GLOBAL_ACCENT_COLOR_NAME = AccentColor;
				CODE_SIGN_STYLE = Automatic;
				CURRENT_PROJECT_VERSION = 1;
				GENERATE_INFOPLIST_FILE = YES;
				INFOPLIST_FILE = BasicBMI/Info.plist;
				INFOPLIST_KEY_UIApplicationSupportsIndirectInputEvents = YES;
				INFOPLIST_KEY_UILaunchStoryboardName = LaunchScreen;
				INFOPLIST_KEY_UIMainStoryboardFile = Main;
				INFOPLIST_KEY_UISupportedInterfaceOrientations_iPad = "UIInterfaceOrientationPortrait UIInterfaceOrientationPortraitUpsideDown UIInterfaceOrientationLandscapeLeft UIInterfaceOrientationLandscapeRight";
				INFOPLIST_KEY_UISupportedInterfaceOrientations_iPhone = "UIInterfaceOrientationPortrait UIInterfaceOrientationLandscapeLeft UIInterfaceOrientationLandscapeRight";
				LD_RUNPATH_SEARCH_PATHS = (
					"$(inherited)",
					"@executable_path/Frameworks",
				);
				MARKETING_VERSION = 1.0;
				PRODUCT_BUNDLE_IDENTIFIER = com.katewaller.BasicBMI;
				PRODUCT_NAME = "$(TARGET_NAME)";
				SWIFT_EMIT_LOC_STRINGS = YES;
				SWIFT_VERSION = 5.0;
				TARGETED_DEVICE_FAMILY = 1;
			};
			name = Debug;
		};
		9998C6BE27A81C290044533E /* Release */ = {
			isa = XCBuildConfiguration;
			buildSettings = {
				ASSETCATALOG_COMPILER_APPICON_NAME = AppIcon;
				ASSETCATALOG_COMPILER_GLOBAL_ACCENT_COLOR_NAME = AccentColor;
				CODE_SIGN_STYLE = Automatic;
				CURRENT_PROJECT_VERSION = 1;
				GENERATE_INFOPLIST_FILE = YES;
				INFOPLIST_FILE = BasicBMI/Info.plist;
				INFOPLIST_KEY_UIApplicationSupportsIndirectInputEvents = YES;
				INFOPLIST_KEY_UILaunchStoryboardName = LaunchScreen;
				INFOPLIST_KEY_UIMainStoryboardFile = Main;
				INFOPLIST_KEY_UISupportedInterfaceOrientations_iPad = "UIInterfaceOrientationPortrait UIInterfaceOrientationPortraitUpsideDown UIInterfaceOrientationLandscapeLeft UIInterfaceOrientationLandscapeRight";
				INFOPLIST_KEY_UISupportedInterfaceOrientations_iPhone = "UIInterfaceOrientationPortrait UIInterfaceOrientationLandscapeLeft UIInterfaceOrientationLandscapeRight";
				LD_RUNPATH_SEARCH_PATHS = (
					"$(inherited)",
					"@executable_path/Frameworks",
				);
				MARKETING_VERSION = 1.0;
				PRODUCT_BUNDLE_IDENTIFIER = com.katewaller.BasicBMI;
				PRODUCT_NAME = "$(TARGET_NAME)";
				SWIFT_EMIT_LOC_STRINGS = YES;
				SWIFT_VERSION = 5.0;
				TARGETED_DEVICE_FAMILY = 1;
			};
			name = Release;
		};
/* End XCBuildConfiguration section */

/* Begin XCConfigurationList section */
		9998C6A327A81C250044533E /* Build configuration list for PBXProject "BasicBMI" */ = {
			isa = XCConfigurationList;
			buildConfigurations = (
				9998C6BA27A81C290044533E /* Debug */,
				9998C6BB27A81C290044533E /* Release */,
			);
			defaultConfigurationIsVisible = 0;
			defaultConfigurationName = Release;
		};
		9998C6BC27A81C290044533E /* Build configuration list for PBXNativeTarget "BasicBMI" */ = {
			isa = XCConfigurationList;
			buildConfigurations = (
				9998C6BD27A81C290044533E /* Debug */,
				9998C6BE27A81C290044533E /* Release */,
			);
			defaultConfigurationIsVisible = 0;
			defaultConfigurationName = Release;
		};
/* End XCConfigurationList section */
	};
	rootObject = 9998C6A027A81C250044533E /* Project object */;
}
